Microsoft Visual Studio Solution File, Format Version 12.00
# Visual Studio Version 17
VisualStudioVersion = 17.5.2.0
MinimumVisualStudioVersion = 10.0.40219.1
Project("{FAE04EC0-301F-11D3-BF4B-00C04F79EFBC}") = "FinalProjectData", "FinalProjectData.csproj", "{18BD2555-C1CF-1D91-74EB-7DBAF05DBC42}"
EndProject
Global
	GlobalSection(SolutionConfigurationPlatforms) = preSolution
		Debug|Any CPU = Debug|Any CPU
		Release|Any CPU = Release|Any CPU
	EndGlobalSection
	GlobalSection(ProjectConfigurationPlatforms) = postSolution
		{18BD2555-C1CF-1D91-74EB-7DBAF05DBC42}.Debug|Any CPU.ActiveCfg = Debug|Any CPU
		{18BD2555-C1CF-1D91-74EB-7DBAF05DBC42}.Debug|Any CPU.Build.0 = Debug|Any CPU
		{18BD2555-C1CF-1D91-74EB-7DBAF05DBC42}.Release|Any CPU.ActiveCfg = Release|Any CPU
		{18BD2555-C1CF-1D91-74EB-7DBAF05DBC42}.Release|Any CPU.Build.0 = Release|Any CPU
	EndGlobalSection
	GlobalSection(SolutionProperties) = preSolution
		HideSolutionNode = FALSE
	EndGlobalSection
	GlobalSection(ExtensibilityGlobals) = postSolution
		SolutionGuid = {9500E0AA-4A14-4309-984A-373D782C0266}
	EndGlobalSection
EndGlobal
